github.com/pkg/term v0.0.0-20190109203006-aa71e9d9e942 h1:A7GG7zcGjl3jqAqGPmcNjd/D9hzL95SuoOQAaFNdLU0=
github.com/pkg/term v0.0.0-20190109203006-aa71e9d9e942/go.mod h1:eCbImbZ95eXtAUIbLAuAVnBnwf83mjf6QIVH8SHYwqQ=
golang.org/x/sys v0.0.0-20200321134203-328b4cd54aae h1:3tcmuaB7wwSZtelmiv479UjUB+vviwABz7a133ZwOKQ=
golang.org/x/sys v0.0.0-20200321134203-328b4cd54aae/go.mod h1:h1NjWce9XRLGQEsW7wpKNCjG9DtNlClVuFLEZdDNbEs=
